# This file was autogenerated by Stack.
# You should not edit this file by hand.
# For more information, please see the documentation at:
#   https://docs.haskellstack.org/en/stable/lock_files

packages:
- completed:
    subdir: GPipe-Core
    name: GPipe
    version: 2.2.5
    git: https://github.com/tobbebex/GPipe-Core
    pantry-tree:
      size: 2452
      sha256: 3b1855589339ca3c0fe30d5956ec34015e9185466d48c3a7dc09aadc577e246f
    commit: 4607e2c31d5beec30f2a918ab8ad48472ca236b7
  original:
    subdir: GPipe-Core
    git: https://github.com/tobbebex/GPipe-Core
    commit: 4607e2c31d5beec30f2a918ab8ad48472ca236b7
- completed:
    hackage: GPipe-GLFW-1.4.1.4@sha256:66e56b598856a016129ed05dff056bdf589815eac27ff06355cf7a71e98c19de,1999
    pantry-tree:
      size: 1018
      sha256: c10567ca08c21780fcf009aac73318f8770f99790c502a9fe68a748b934c157f
  original:
    hackage: GPipe-GLFW-1.4.1.4@sha256:66e56b598856a016129ed05dff056bdf589815eac27ff06355cf7a71e98c19de,1999
snapshots:
- completed:
    size: 532413
    url: https://raw.githubusercontent.com/commercialhaskell/stackage-snapshots/master/lts/16/21.yaml
    sha256: 7b5cac89352fa4a88606dc6cb250aee9291f21e2e988d464065f5aa51f5de33d
  original: lts-16.21
